
Microsoft Visual Studio Solution File, Format Version 12.00
# Visual Studio 15
Project("{FAE04EC0-301F-11D3-BF4B-00C04F79EFBC}") = "Assembly-CSharp", "Assembly-CSharp.csproj", "{F4120B9D-A18F-A82F-AF78-9E24BF2A3E25}"
EndProject
Project("{FAE04EC0-301F-11D3-BF4B-00C04F79EFBC}") = "Assembly-CSharp-Editor", "Assembly-CSharp-Editor.csproj", "{6E459FA0-10AB-1D89-F4D0-088D055F3BE9}"
EndProject
Global
	GlobalSection(SolutionConfigurationPlatforms) = preSolution
		Debug|Any CPU = Debug|Any CPU
		Release|Any CPU = Release|Any CPU
	EndGlobalSection
	GlobalSection(ProjectConfigurationPlatforms) = postSolution
		{F4120B9D-A18F-A82F-AF78-9E24BF2A3E25}.Debug|Any CPU.ActiveCfg = Debug|Any CPU
		{F4120B9D-A18F-A82F-AF78-9E24BF2A3E25}.Debug|Any CPU.Build.0 = Debug|Any CPU
		{F4120B9D-A18F-A82F-AF78-9E24BF2A3E25}.Release|Any CPU.ActiveCfg = Release|Any CPU
		{F4120B9D-A18F-A82F-AF78-9E24BF2A3E25}.Release|Any CPU.Build.0 = Release|Any CPU
		{6E459FA0-10AB-1D89-F4D0-088D055F3BE9}.Debug|Any CPU.ActiveCfg = Debug|Any CPU
		{6E459FA0-10AB-1D89-F4D0-088D055F3BE9}.Debug|Any CPU.Build.0 = Debug|Any CPU
		{6E459FA0-10AB-1D89-F4D0-088D055F3BE9}.Release|Any CPU.ActiveCfg = Release|Any CPU
		{6E459FA0-10AB-1D89-F4D0-088D055F3BE9}.Release|Any CPU.Build.0 = Release|Any CPU
	EndGlobalSection
	GlobalSection(SolutionProperties) = preSolution
		HideSolutionNode = FALSE
	EndGlobalSection
EndGlobal
